
Microsoft Visual Studio Solution File, Format Version 12.00
# Visual Studio Version 17
VisualStudioVersion = 17.10.35013.160
MinimumVisualStudioVersion = 10.0.40219.1
Project("{FAE04EC0-301F-11D3-BF4B-00C04F79EFBC}") = "WebApp_PL", "WebApp_PL\WebApp_PL.csproj", "{2BF5D9CC-0BA8-4414-8372-CC0FE85C6B39}"
EndProject
Project("{FAE04EC0-301F-11D3-BF4B-00C04F79EFBC}") = "DAL", "DAL\DAL.csproj", "{00A7112D-159C-4F28-AB9B-6872B77EFBD5}"
EndProject
Project("{FAE04EC0-301F-11D3-BF4B-00C04F79EFBC}") = "BAL", "BAL\BAL.csproj", "{C26FE462-85AF-4C55-8ACD-05555E3EDEC9}"
EndProject
Global
	GlobalSection(SolutionConfigurationPlatforms) = preSolution
		Debug|Any CPU = Debug|Any CPU
		Release|Any CPU = Release|Any CPU
	EndGlobalSection
	GlobalSection(ProjectConfigurationPlatforms) = postSolution
		{2BF5D9CC-0BA8-4414-8372-CC0FE85C6B39}.Debug|Any CPU.ActiveCfg = Debug|Any CPU
		{2BF5D9CC-0BA8-4414-8372-CC0FE85C6B39}.Debug|Any CPU.Build.0 = Debug|Any CPU
		{2BF5D9CC-0BA8-4414-8372-CC0FE85C6B39}.Release|Any CPU.ActiveCfg = Release|Any CPU
		{2BF5D9CC-0BA8-4414-8372-CC0FE85C6B39}.Release|Any CPU.Build.0 = Release|Any CPU
		{00A7112D-159C-4F28-AB9B-6872B77EFBD5}.Debug|Any CPU.ActiveCfg = Debug|Any CPU
		{00A7112D-159C-4F28-AB9B-6872B77EFBD5}.Debug|Any CPU.Build.0 = Debug|Any CPU
		{00A7112D-159C-4F28-AB9B-6872B77EFBD5}.Release|Any CPU.ActiveCfg = Release|Any CPU
		{00A7112D-159C-4F28-AB9B-6872B77EFBD5}.Release|Any CPU.Build.0 = Release|Any CPU
		{C26FE462-85AF-4C55-8ACD-05555E3EDEC9}.Debug|Any CPU.ActiveCfg = Debug|Any CPU
		{C26FE462-85AF-4C55-8ACD-05555E3EDEC9}.Debug|Any CPU.Build.0 = Debug|Any CPU
		{C26FE462-85AF-4C55-8ACD-05555E3EDEC9}.Release|Any CPU.ActiveCfg = Release|Any CPU
		{C26FE462-85AF-4C55-8ACD-05555E3EDEC9}.Release|Any CPU.Build.0 = Release|Any CPU
	EndGlobalSection
	GlobalSection(SolutionProperties) = preSolution
		HideSolutionNode = FALSE
	EndGlobalSection
	GlobalSection(ExtensibilityGlobals) = postSolution
		SolutionGuid = {1E271BB2-A051-4BAF-9B4F-B9FFFD976DCE}
	EndGlobalSection
EndGlobal
